// !$*UTF8*$!
{
	archiveVersion = 1;
	classes = {
	};
	objectVersion = 56;
	objects = {

/* Begin PBXBuildFile section */
		A89BA81E29BCBBCC00EECA40 /* NewsWallApp.swift in Sources */ = {isa = PBXBuildFile; fileRef = A89BA81D29BCBBCC00EECA40 /* NewsWallApp.swift */; };
		A89BA82029BCBBCC00EECA40 /* ContentView.swift in Sources */ = {isa = PBXBuildFile; fileRef = A89BA81F29BCBBCC00EECA40 /* ContentView.swift */; };
		A89BA82229BCBBCE00EECA40 /* Assets.xcassets in Resources */ = {isa = PBXBuildFile; fileRef = A89BA82129BCBBCE00EECA40 /* Assets.xcassets */; };
		A89BA82529BCBBCE00EECA40 /* Preview Assets.xcassets in Resources */ = {isa = PBXBuildFile; fileRef = A89BA82429BCBBCE00EECA40 /* Preview Assets.xcassets */; };
		A89BA83529C0F3E200EECA40 /* DataModel.swift in Sources */ = {isa = PBXBuildFile; fileRef = A89BA83429C0F3E200EECA40 /* DataModel.swift */; };
		A89BA83729C10BC000EECA40 /* ImageLoader.swift in Sources */ = {isa = PBXBuildFile; fileRef = A89BA83629C10BC000EECA40 /* ImageLoader.swift */; };
/* End PBXBuildFile section */

/* Begin PBXFileReference section */
		A89BA81A29BCBBCC00EECA40 /* NewsWall.app */ = {isa = PBXFileReference; explicitFileType = wrapper.application; includeInIndex = 0; path = NewsWall.app; sourceTree = BUILT_PRODUCTS_DIR; };
		A89BA81D29BCBBCC00EECA40 /* NewsWallApp.swift */ = {isa = PBXFileReference; lastKnownFileType = sourcecode.swift; path = NewsWallApp.swift; sourceTree = "<group>"; };
		A89BA81F29BCBBCC00EECA40 /* ContentView.swift */ = {isa = PBXFileReference; lastKnownFileType = sourcecode.swift; path = ContentView.swift; sourceTree = "<group>"; };
		A89BA82129BCBBCE00EECA40 /* Assets.xcassets */ = {isa = PBXFileReference; lastKnownFileType = folder.assetcatalog; path = Assets.xcassets; sourceTree = "<group>"; };
		A89BA82429BCBBCE00EECA40 /* Preview Assets.xcassets */ = {isa = PBXFileReference; lastKnownFileType = folder.assetcatalog; path = "Preview Assets.xcassets"; sourceTree = "<group>"; };
		A89BA83429C0F3E200EECA40 /* DataModel.swift */ = {isa = PBXFileReference; lastKnownFileType = sourcecode.swift; path = DataModel.swift; sourceTree = "<group>"; };
		A89BA83629C10BC000EECA40 /* ImageLoader.swift */ = {isa = PBXFileReference; lastKnownFileType = sourcecode.swift; path = ImageLoader.swift; sourceTree = "<group>"; };
/* End PBXFileReference section */

/* Begin PBXFrameworksBuildPhase section */
		A89BA81729BCBBCC00EECA40 /* Frameworks */ = {
			isa = PBXFrameworksBuildPhase;
			buildActionMask = 2147483647;
			files = (
			);
			runOnlyForDeploymentPostprocessing = 0;
		};
/* End PBXFrameworksBuildPhase section */

/* Begin PBXGroup section */
		A89BA81129BCBBCC00EECA40 = {
			isa = PBXGroup;
			children = (
				A89BA81C29BCBBCC00EECA40 /* NewsWall */,
				A89BA81B29BCBBCC00EECA40 /* Products */,
			);
			sourceTree = "<group>";
		};
		A89BA81B29BCBBCC00EECA40 /* Products */ = {
			isa = PBXGroup;
			children = (
				A89BA81A29BCBBCC00EECA40 /* NewsWall.app */,
			);
			name = Products;
			sourceTree = "<group>";
		};
		A89BA81C29BCBBCC00EECA40 /* NewsWall */ = {
			isa = PBXGroup;
			children = (
				A89BA81D29BCBBCC00EECA40 /* NewsWallApp.swift */,
				A89BA82D29BCBC7A00EECA40 /* Models */,
				A89BA82C29BCBC6500EECA40 /* Views */,
				A89BA82F29BCBCA000EECA40 /* Assets */,
				A89BA82329BCBBCE00EECA40 /* Preview Content */,
			);
			path = NewsWall;
			sourceTree = "<group>";
		};
		A89BA82329BCBBCE00EECA40 /* Preview Content */ = {
			isa = PBXGroup;
			children = (
				A89BA82429BCBBCE00EECA40 /* Preview Assets.xcassets */,
			);
			path = "Preview Content";
			sourceTree = "<group>";
		};
		A89BA82C29BCBC6500EECA40 /* Views */ = {
			isa = PBXGroup;
			children = (
				A89BA81F29BCBBCC00EECA40 /* ContentView.swift */,
			);
			path = Views;
			sourceTree = "<group>";
		};
		A89BA82D29BCBC7A00EECA40 /* Models */ = {
			isa = PBXGroup;
			children = (
				A89BA83429C0F3E200EECA40 /* DataModel.swift */,
				A89BA83629C10BC000EECA40 /* ImageLoader.swift */,
			);
			path = Models;
			sourceTree = "<group>";
		};
		A89BA82F29BCBCA000EECA40 /* Assets */ = {
			isa = PBXGroup;
			children = (
				A89BA82129BCBBCE00EECA40 /* Assets.xcassets */,
			);
			path = Assets;
			sourceTree = "<group>";
		};
/* End PBXGroup section */

/* Begin PBXNativeTarget section */
		A89BA81929BCBBCC00EECA40 /* NewsWall */ = {
			isa = PBXNativeTarget;
			buildConfigurationList = A89BA82829BCBBCE00EECA40 /* Build configuration list for PBXNativeTarget "NewsWall" */;
			buildPhases = (
				A89BA81629BCBBCC00EECA40 /* Sources */,
				A89BA81729BCBBCC00EECA40 /* Frameworks */,
				A89BA81829BCBBCC00EECA40 /* Resources */,
			);
			buildRules = (
			);
			dependencies = (
			);
			name = NewsWall;
			productName = NewsWall;
			productReference = A89BA81A29BCBBCC00EECA40 /* NewsWall.app */;
			productType = "com.apple.product-type.application";
		};
/* End PBXNativeTarget section */

/* Begin PBXProject section */
		A89BA81229BCBBCC00EECA40 /* Project object */ = {
			isa = PBXProject;
			attributes = {
				BuildIndependentTargetsInParallel = 1;
				LastSwiftUpdateCheck = 1420;
				LastUpgradeCheck = 1420;
				TargetAttributes = {
					A89BA81929BCBBCC00EECA40 = {
						CreatedOnToolsVersion = 14.2;
					};
				};
			};
			buildConfigurationList = A89BA81529BCBBCC00EECA40 /* Build configuration list for PBXProject "NewsWall" */;
			compatibilityVersion = "Xcode 14.0";
			developmentRegion = en;
			hasScannedForEncodings = 0;
			knownRegions = (
				en,
				Base,
			);
			mainGroup = A89BA81129BCBBCC00EECA40;
			productRefGroup = A89BA81B29BCBBCC00EECA40 /* Products */;
			projectDirPath = "";
			projectRoot = "";
			targets = (
				A89BA81929BCBBCC00EECA40 /* NewsWall */,
			);
		};
/* End PBXProject section */

/* Begin PBXResourcesBuildPhase section */
		A89BA81829BCBBCC00EECA40 /* Resources */ = {
			isa = PBXResourcesBuildPhase;
			buildActionMask = 2147483647;
			files = (
				A89BA82529BCBBCE00EECA40 /* Preview Assets.xcassets in Resources */,
				A89BA82229BCBBCE00EECA40 /* Assets.xcassets in Resources */,
			);
			runOnlyForDeploymentPostprocessing = 0;
		};
/* End PBXResourcesBuildPhase section */

/* Begin PBXSourcesBuildPhase section */
		A89BA81629BCBBCC00EECA40 /* Sources */ = {
			isa = PBXSourcesBuildPhase;
			buildActionMask = 2147483647;
			files = (
				A89BA82029BCBBCC00EECA40 /* ContentView.swift in Sources */,
				A89BA81E29BCBBCC00EECA40 /* NewsWallApp.swift in Sources */,
				A89BA83729C10BC000EECA40 /* ImageLoader.swift in Sources */,
				A89BA83529C0F3E200EECA40 /* DataModel.swift in Sources */,
			);
			runOnlyForDeploymentPostprocessing = 0;
		};
/* End PBXSourcesBuildPhase section */

/* Begin XCBuildConfiguration section */
		A89BA82629BCBBCE00EECA40 /* Debug */ = {
			isa = XCBuildConfiguration;
			buildSettings = {
				ALWAYS_SEARCH_USER_PATHS = NO;
				CLANG_ANALYZER_NONNULL = YES;
				CLANG_ANALYZER_NUMBER_OBJECT_CONVERSION = YES_AGGRESSIVE;
				CLANG_CXX_LANGUAGE_STANDARD = "gnu++20";
				CLANG_ENABLE_MODULES = YES;
				CLANG_ENABLE_OBJC_ARC = YES;
				CLANG_ENABLE_OBJC_WEAK = YES;
				CLANG_WARN_BLOCK_CAPTURE_AUTORELEASING = YES;
				CLANG_WARN_BOOL_CONVERSION = YES;
				CLANG_WARN_COMMA = YES;
				CLANG_WARN_CONSTANT_CONVERSION = YES;
				CLANG_WARN_DEPRECATED_OBJC_IMPLEMENTATIONS = YES;
				CLANG_WARN_DIRECT_OBJC_ISA_USAGE = YES_ERROR;
				CLANG_WARN_DOCUMENTATION_COMMENTS = YES;
				CLANG_WARN_EMPTY_BODY = YES;
				CLANG_WARN_ENUM_CONVERSION = YES;
				CLANG_WARN_INFINITE_RECURSION = YES;
				CLANG_WARN_INT_CONVERSION = YES;
				CLANG_WARN_NON_LITERAL_NULL_CONVERSION = YES;
				CLANG_WARN_OBJC_IMPLICIT_RETAIN_SELF = YES;
				CLANG_WARN_OBJC_LITERAL_CONVERSION = YES;
				CLANG_WARN_OBJC_ROOT_CLASS = YES_ERROR;
				CLANG_WARN_QUOTED_INCLUDE_IN_FRAMEWORK_HEADER = YES;
				CLANG_WARN_RANGE_LOOP_ANALYSIS = YES;
				CLANG_WARN_STRICT_PROTOTYPES = YES;
				CLANG_WARN_SUSPICIOUS_MOVE = YES;
				CLANG_WARN_UNGUARDED_AVAILABILITY = YES_AGGRESSIVE;
				CLANG_WARN_UNREACHABLE_CODE = YES;
				CLANG_WARN__DUPLICATE_METHOD_MATCH = YES;
				COPY_PHASE_STRIP = NO;
				DEBUG_INFORMATION_FORMAT = dwarf;
				ENABLE_STRICT_OBJC_MSGSEND = YES;
				ENABLE_TESTABILITY = YES;
				GCC_C_LANGUAGE_STANDARD = gnu11;
				GCC_DYNAMIC_NO_PIC = NO;
				GCC_NO_COMMON_BLOCKS = YES;
				GCC_OPTIMIZATION_LEVEL = 0;
				GCC_PREPROCESSOR_DEFINITIONS = (
					"DEBUG=1",
					"$(inherited)",
				);
				GCC_WARN_64_TO_32_BIT_CONVERSION = YES;
				GCC_WARN_ABOUT_RETURN_TYPE = YES_ERROR;
				GCC_WARN_UNDECLARED_SELECTOR = YES;
				GCC_WARN_UNINITIALIZED_AUTOS = YES_AGGRESSIVE;
				GCC_WARN_UNUSED_FUNCTION = YES;
				GCC_WARN_UNUSED_VARIABLE = YES;
				IPHONEOS_DEPLOYMENT_TARGET = 16.2;
				MTL_ENABLE_DEBUG_INFO = INCLUDE_SOURCE;
				MTL_FAST_MATH = YES;
				ONLY_ACTIVE_ARCH = YES;
				SDKROOT = iphoneos;
				SWIFT_ACTIVE_COMPILATION_CONDITIONS = DEBUG;
				SWIFT_OPTIMIZATION_LEVEL = "-Onone";
			};
			name = Debug;
		};
		A89BA82729BCBBCE00EECA40 /* Release */ = {
			isa = XCBuildConfiguration;
			buildSettings = {
				ALWAYS_SEARCH_USER_PATHS = NO;
				CLANG_ANALYZER_NONNULL = YES;
				CLANG_ANALYZER_NUMBER_OBJECT_CONVERSION = YES_AGGRESSIVE;
				CLANG_CXX_LANGUAGE_STANDARD = "gnu++20";
				CLANG_ENABLE_MODULES = YES;
				CLANG_ENABLE_OBJC_ARC = YES;
				CLANG_ENABLE_OBJC_WEAK = YES;
				CLANG_WARN_BLOCK_CAPTURE_AUTORELEASING = YES;
				CLANG_WARN_BOOL_CONVERSION = YES;
				CLANG_WARN_COMMA = YES;
				CLANG_WARN_CONSTANT_CONVERSION = YES;
				CLANG_WARN_DEPRECATED_OBJC_IMPLEMENTATIONS = YES;
				CLANG_WARN_DIRECT_OBJC_ISA_USAGE = YES_ERROR;
				CLANG_WARN_DOCUMENTATION_COMMENTS = YES;
				CLANG_WARN_EMPTY_BODY = YES;
				CLANG_WARN_ENUM_CONVERSION = YES;
				CLANG_WARN_INFINITE_RECURSION = YES;
				CLANG_WARN_INT_CONVERSION = YES;
				CLANG_WARN_NON_LITERAL_NULL_CONVERSION = YES;
				CLANG_WARN_OBJC_IMPLICIT_RETAIN_SELF = YES;
				CLANG_WARN_OBJC_LITERAL_CONVERSION = YES;
				CLANG_WARN_OBJC_ROOT_CLASS = YES_ERROR;
				CLANG_WARN_QUOTED_INCLUDE_IN_FRAMEWORK_HEADER = YES;
				CLANG_WARN_RANGE_LOOP_ANALYSIS = YES;
				CLANG_WARN_STRICT_PROTOTYPES = YES;
				CLANG_WARN_SUSPICIOUS_MOVE = YES;
				CLANG_WARN_UNGUARDED_AVAILABILITY = YES_AGGRESSIVE;
				CLANG_WARN_UNREACHABLE_CODE = YES;
				CLANG_WARN__DUPLICATE_METHOD_MATCH = YES;
				COPY_PHASE_STRIP = NO;
				DEBUG_INFORMATION_FORMAT = "dwarf-with-dsym";
				ENABLE_NS_ASSERTIONS = NO;
				ENABLE_STRICT_OBJC_MSGSEND = YES;
				GCC_C_LANGUAGE_STANDARD = gnu11;
				GCC_NO_COMMON_BLOCKS = YES;
				GCC_WARN_64_TO_32_BIT_CONVERSION = YES;
				GCC_WARN_ABOUT_RETURN_TYPE = YES_ERROR;
				GCC_WARN_UNDECLARED_SELECTOR = YES;
				GCC_WARN_UNINITIALIZED_AUTOS = YES_AGGRESSIVE;
				GCC_WARN_UNUSED_FUNCTION = YES;
				GCC_WARN_UNUSED_VARIABLE = YES;
				IPHONEOS_DEPLOYMENT_TARGET = 16.2;
				MTL_ENABLE_DEBUG_INFO = NO;
				MTL_FAST_MATH = YES;
				SDKROOT = iphoneos;
				SWIFT_COMPILATION_MODE = wholemodule;
				SWIFT_OPTIMIZATION_LEVEL = "-O";
				VALIDATE_PRODUCT = YES;
			};
			name = Release;
		};
		A89BA82929BCBBCE00EECA40 /* Debug */ = {
			isa = XCBuildConfiguration;
			buildSettings = {
				ASSETCATALOG_COMPILER_APPICON_NAME = AppIcon;
				ASSETCATALOG_COMPILER_GLOBAL_ACCENT_COLOR_NAME = AccentColor;
				CODE_SIGN_STYLE = Automatic;
				CURRENT_PROJECT_VERSION = 1;
				DEVELOPMENT_ASSET_PATHS = "\"NewsWall/Preview Content\"";
				ENABLE_PREVIEWS = YES;
				GENERATE_INFOPLIST_FILE = YES;
				INFOPLIST_KEY_UIApplicationSceneManifest_Generation = YES;
				INFOPLIST_KEY_UIApplicationSupportsIndirectInputEvents = YES;
				INFOPLIST_KEY_UILaunchScreen_Generation = YES;
				INFOPLIST_KEY_UISupportedInterfaceOrientations_iPad = "UIInterfaceOrientationPortrait UIInterfaceOrientationPortraitUpsideDown UIInterfaceOrientationLandscapeLeft UIInterfaceOrientationLandscapeRight";
				INFOPLIST_KEY_UISupportedInterfaceOrientations_iPhone = "UIInterfaceOrientationPortrait UIInterfaceOrientationLandscapeLeft UIInterfaceOrientationLandscapeRight";
				LD_RUNPATH_SEARCH_PATHS = (
					"$(inherited)",
					"@executable_path/Frameworks",
				);
				MARKETING_VERSION = 1.0;
				PRODUCT_BUNDLE_IDENTIFIER = "iraklinozadze2509-gmail.com.NewsWall";
				PRODUCT_NAME = "$(TARGET_NAME)";
				SWIFT_EMIT_LOC_STRINGS = YES;
				SWIFT_VERSION = 5.0;
				TARGETED_DEVICE_FAMILY = "1,2";
			};
			name = Debug;
		};
		A89BA82A29BCBBCE00EECA40 /* Release */ = {
			isa = XCBuildConfiguration;
			buildSettings = {
				ASSETCATALOG_COMPILER_APPICON_NAME = AppIcon;
				ASSETCATALOG_COMPILER_GLOBAL_ACCENT_COLOR_NAME = AccentColor;
				CODE_SIGN_STYLE = Automatic;
				CURRENT_PROJECT_VERSION = 1;
				DEVELOPMENT_ASSET_PATHS = "\"NewsWall/Preview Content\"";
				ENABLE_PREVIEWS = YES;
				GENERATE_INFOPLIST_FILE = YES;
				INFOPLIST_KEY_UIApplicationSceneManifest_Generation = YES;
				INFOPLIST_KEY_UIApplicationSupportsIndirectInputEvents = YES;
				INFOPLIST_KEY_UILaunchScreen_Generation = YES;
				INFOPLIST_KEY_UISupportedInterfaceOrientations_iPad = "UIInterfaceOrientationPortrait UIInterfaceOrientationPortraitUpsideDown UIInterfaceOrientationLandscapeLeft UIInterfaceOrientationLandscapeRight";
				INFOPLIST_KEY_UISupportedInterfaceOrientations_iPhone = "UIInterfaceOrientationPortrait UIInterfaceOrientationLandscapeLeft UIInterfaceOrientationLandscapeRight";
				LD_RUNPATH_SEARCH_PATHS = (
					"$(inherited)",
					"@executable_path/Frameworks",
				);
				MARKETING_VERSION = 1.0;
				PRODUCT_BUNDLE_IDENTIFIER = "iraklinozadze2509-gmail.com.NewsWall";
				PRODUCT_NAME = "$(TARGET_NAME)";
				SWIFT_EMIT_LOC_STRINGS = YES;
				SWIFT_VERSION = 5.0;
				TARGETED_DEVICE_FAMILY = "1,2";
			};
			name = Release;
		};
/* End XCBuildConfiguration section */

/* Begin XCConfigurationList section */
		A89BA81529BCBBCC00EECA40 /* Build configuration list for PBXProject "NewsWall" */ = {
			isa = XCConfigurationList;
			buildConfigurations = (
				A89BA82629BCBBCE00EECA40 /* Debug */,
				A89BA82729BCBBCE00EECA40 /* Release */,
			);
			defaultConfigurationIsVisible = 0;
			defaultConfigurationName = Release;
		};
		A89BA82829BCBBCE00EECA40 /* Build configuration list for PBXNativeTarget "NewsWall" */ = {
			isa = XCConfigurationList;
			buildConfigurations = (
				A89BA82929BCBBCE00EECA40 /* Debug */,
				A89BA82A29BCBBCE00EECA40 /* Release */,
			);
			defaultConfigurationIsVisible = 0;
			defaultConfigurationName = Release;
		};
/* End XCConfigurationList section */
	};
	rootObject = A89BA81229BCBBCC00EECA40 /* Project object */;
}
